// !$*UTF8*$!
{
	archiveVersion = 1;
	classes = {
	};
	objectVersion = 56;
	objects = {

/* Begin PBXBuildFile section */
		E49F68F02C29B32600CA555C /* NavigationApp.swift in Sources */ = {isa = PBXBuildFile; fileRef = E49F68EF2C29B32600CA555C /* NavigationApp.swift */; };
		E49F68F22C29B32600CA555C /* ContentView.swift in Sources */ = {isa = PBXBuildFile; fileRef = E49F68F12C29B32600CA555C /* ContentView.swift */; };
		E49F68F42C29B32900CA555C /* Assets.xcassets in Resources */ = {isa = PBXBuildFile; fileRef = E49F68F32C29B32900CA555C /* Assets.xcassets */; };
		E49F68F72C29B32900CA555C /* Preview Assets.xcassets in Resources */ = {isa = PBXBuildFile; fileRef = E49F68F62C29B32900CA555C /* Preview Assets.xcassets */; };
		E49F69012C29B32900CA555C /* NavigationTests.swift in Sources */ = {isa = PBXBuildFile; fileRef = E49F69002C29B32900CA555C /* NavigationTests.swift */; };
		E49F690B2C29B32900CA555C /* NavigationUITests.swift in Sources */ = {isa = PBXBuildFile; fileRef = E49F690A2C29B32900CA555C /* NavigationUITests.swift */; };
		E49F690D2C29B32900CA555C /* NavigationUITestsLaunchTests.swift in Sources */ = {isa = PBXBuildFile; fileRef = E49F690C2C29B32900CA555C /* NavigationUITestsLaunchTests.swift */; };
		E49F691A2C29B9FF00CA555C /* SecondView.swift in Sources */ = {isa = PBXBuildFile; fileRef = E49F69192C29B9FE00CA555C /* SecondView.swift */; };
/* End PBXBuildFile section */

/* Begin PBXContainerItemProxy section */
		E49F68FD2C29B32900CA555C /* PBXContainerItemProxy */ = {
			isa = PBXContainerItemProxy;
			containerPortal = E49F68E42C29B32600CA555C /* Project object */;
			proxyType = 1;
			remoteGlobalIDString = E49F68EB2C29B32600CA555C;
			remoteInfo = Navigation;
		};
		E49F69072C29B32900CA555C /* PBXContainerItemProxy */ = {
			isa = PBXContainerItemProxy;
			containerPortal = E49F68E42C29B32600CA555C /* Project object */;
			proxyType = 1;
			remoteGlobalIDString = E49F68EB2C29B32600CA555C;
			remoteInfo = Navigation;
		};
/* End PBXContainerItemProxy section */

/* Begin PBXFileReference section */
		E49F68EC2C29B32600CA555C /* Navigation.app */ = {isa = PBXFileReference; explicitFileType = wrapper.application; includeInIndex = 0; path = Navigation.app; sourceTree = BUILT_PRODUCTS_DIR; };
		E49F68EF2C29B32600CA555C /* NavigationApp.swift */ = {isa = PBXFileReference; lastKnownFileType = sourcecode.swift; path = NavigationApp.swift; sourceTree = "<group>"; };
		E49F68F12C29B32600CA555C /* ContentView.swift */ = {isa = PBXFileReference; lastKnownFileType = sourcecode.swift; path = ContentView.swift; sourceTree = "<group>"; };
		E49F68F32C29B32900CA555C /* Assets.xcassets */ = {isa = PBXFileReference; lastKnownFileType = folder.assetcatalog; path = Assets.xcassets; sourceTree = "<group>"; };
		E49F68F62C29B32900CA555C /* Preview Assets.xcassets */ = {isa = PBXFileReference; lastKnownFileType = folder.assetcatalog; path = "Preview Assets.xcassets"; sourceTree = "<group>"; };
		E49F68FC2C29B32900CA555C /* NavigationTests.xctest */ = {isa = PBXFileReference; explicitFileType = wrapper.cfbundle; includeInIndex = 0; path = NavigationTests.xctest; sourceTree = BUILT_PRODUCTS_DIR; };
		E49F69002C29B32900CA555C /* NavigationTests.swift */ = {isa = PBXFileReference; lastKnownFileType = sourcecode.swift; path = NavigationTests.swift; sourceTree = "<group>"; };
		E49F69062C29B32900CA555C /* NavigationUITests.xctest */ = {isa = PBXFileReference; explicitFileType = wrapper.cfbundle; includeInIndex = 0; path = NavigationUITests.xctest; sourceTree = BUILT_PRODUCTS_DIR; };
		E49F690A2C29B32900CA555C /* NavigationUITests.swift */ = {isa = PBXFileReference; lastKnownFileType = sourcecode.swift; path = NavigationUITests.swift; sourceTree = "<group>"; };
		E49F690C2C29B32900CA555C /* NavigationUITestsLaunchTests.swift */ = {isa = PBXFileReference; lastKnownFileType = sourcecode.swift; path = NavigationUITestsLaunchTests.swift; sourceTree = "<group>"; };
		E49F69192C29B9FE00CA555C /* SecondView.swift */ = {isa = PBXFileReference; lastKnownFileType = sourcecode.swift; path = SecondView.swift; sourceTree = "<group>"; };
/* End PBXFileReference section */

/* Begin PBXFrameworksBuildPhase section */
		E49F68E92C29B32600CA555C /* Frameworks */ = {
			isa = PBXFrameworksBuildPhase;
			buildActionMask = 2147483647;
			files = (
			);
			runOnlyForDeploymentPostprocessing = 0;
		};
		E49F68F92C29B32900CA555C /* Frameworks */ = {
			isa = PBXFrameworksBuildPhase;
			buildActionMask = 2147483647;
			files = (
			);
			runOnlyForDeploymentPostprocessing = 0;
		};
		E49F69032C29B32900CA555C /* Frameworks */ = {
			isa = PBXFrameworksBuildPhase;
			buildActionMask = 2147483647;
			files = (
			);
			runOnlyForDeploymentPostprocessing = 0;
		};
/* End PBXFrameworksBuildPhase section */

/* Begin PBXGroup section */
		E49F68E32C29B32600CA555C = {
			isa = PBXGroup;
			children = (
				E49F68EE2C29B32600CA555C /* Navigation */,
				E49F68FF2C29B32900CA555C /* NavigationTests */,
				E49F69092C29B32900CA555C /* NavigationUITests */,
				E49F68ED2C29B32600CA555C /* Products */,
			);
			sourceTree = "<group>";
		};
		E49F68ED2C29B32600CA555C /* Products */ = {
			isa = PBXGroup;
			children = (
				E49F68EC2C29B32600CA555C /* Navigation.app */,
				E49F68FC2C29B32900CA555C /* NavigationTests.xctest */,
				E49F69062C29B32900CA555C /* NavigationUITests.xctest */,
			);
			name = Products;
			sourceTree = "<group>";
		};
		E49F68EE2C29B32600CA555C /* Navigation */ = {
			isa = PBXGroup;
			children = (
				E49F68EF2C29B32600CA555C /* NavigationApp.swift */,
				E49F68F12C29B32600CA555C /* ContentView.swift */,
				E49F69192C29B9FE00CA555C /* SecondView.swift */,
				E49F68F32C29B32900CA555C /* Assets.xcassets */,
				E49F68F52C29B32900CA555C /* Preview Content */,
			);
			path = Navigation;
			sourceTree = "<group>";
		};
		E49F68F52C29B32900CA555C /* Preview Content */ = {
			isa = PBXGroup;
			children = (
				E49F68F62C29B32900CA555C /* Preview Assets.xcassets */,
			);
			path = "Preview Content";
			sourceTree = "<group>";
		};
		E49F68FF2C29B32900CA555C /* NavigationTests */ = {
			isa = PBXGroup;
			children = (
				E49F69002C29B32900CA555C /* NavigationTests.swift */,
			);
			path = NavigationTests;
			sourceTree = "<group>";
		};
		E49F69092C29B32900CA555C /* NavigationUITests */ = {
			isa = PBXGroup;
			children = (
				E49F690A2C29B32900CA555C /* NavigationUITests.swift */,
				E49F690C2C29B32900CA555C /* NavigationUITestsLaunchTests.swift */,
			);
			path = NavigationUITests;
			sourceTree = "<group>";
		};
/* End PBXGroup section */

/* Begin PBXNativeTarget section */
		E49F68EB2C29B32600CA555C /* Navigation */ = {
			isa = PBXNativeTarget;
			buildConfigurationList = E49F69102C29B32900CA555C /* Build configuration list for PBXNativeTarget "Navigation" */;
			buildPhases = (
				E49F68E82C29B32600CA555C /* Sources */,
				E49F68E92C29B32600CA555C /* Frameworks */,
				E49F68EA2C29B32600CA555C /* Resources */,
			);
			buildRules = (
			);
			dependencies = (
			);
			name = Navigation;
			productName = Navigation;
			productReference = E49F68EC2C29B32600CA555C /* Navigation.app */;
			productType = "com.apple.product-type.application";
		};
		E49F68FB2C29B32900CA555C /* NavigationTests */ = {
			isa = PBXNativeTarget;
			buildConfigurationList = E49F69132C29B32900CA555C /* Build configuration list for PBXNativeTarget "NavigationTests" */;
			buildPhases = (
				E49F68F82C29B32900CA555C /* Sources */,
				E49F68F92C29B32900CA555C /* Frameworks */,
				E49F68FA2C29B32900CA555C /* Resources */,
			);
			buildRules = (
			);
			dependencies = (
				E49F68FE2C29B32900CA555C /* PBXTargetDependency */,
			);
			name = NavigationTests;
			productName = NavigationTests;
			productReference = E49F68FC2C29B32900CA555C /* NavigationTests.xctest */;
			productType = "com.apple.product-type.bundle.unit-test";
		};
		E49F69052C29B32900CA555C /* NavigationUITests */ = {
			isa = PBXNativeTarget;
			buildConfigurationList = E49F69162C29B32900CA555C /* Build configuration list for PBXNativeTarget "NavigationUITests" */;
			buildPhases = (
				E49F69022C29B32900CA555C /* Sources */,
				E49F69032C29B32900CA555C /* Frameworks */,
				E49F69042C29B32900CA555C /* Resources */,
			);
			buildRules = (
			);
			dependencies = (
				E49F69082C29B32900CA555C /* PBXTargetDependency */,
			);
			name = NavigationUITests;
			productName = NavigationUITests;
			productReference = E49F69062C29B32900CA555C /* NavigationUITests.xctest */;
			productType = "com.apple.product-type.bundle.ui-testing";
		};
/* End PBXNativeTarget section */

/* Begin PBXProject section */
		E49F68E42C29B32600CA555C /* Project object */ = {
			isa = PBXProject;
			attributes = {
				BuildIndependentTargetsInParallel = 1;
				LastSwiftUpdateCheck = 1540;
				LastUpgradeCheck = 1540;
				TargetAttributes = {
					E49F68EB2C29B32600CA555C = {
						CreatedOnToolsVersion = 15.4;
					};
					E49F68FB2C29B32900CA555C = {
						CreatedOnToolsVersion = 15.4;
						TestTargetID = E49F68EB2C29B32600CA555C;
					};
					E49F69052C29B32900CA555C = {
						CreatedOnToolsVersion = 15.4;
						TestTargetID = E49F68EB2C29B32600CA555C;
					};
				};
			};
			buildConfigurationList = E49F68E72C29B32600CA555C /* Build configuration list for PBXProject "Navigation" */;
			compatibilityVersion = "Xcode 14.0";
			developmentRegion = en;
			hasScannedForEncodings = 0;
			knownRegions = (
				en,
				Base,
			);
			mainGroup = E49F68E32C29B32600CA555C;
			productRefGroup = E49F68ED2C29B32600CA555C /* Products */;
			projectDirPath = "";
			projectRoot = "";
			targets = (
				E49F68EB2C29B32600CA555C /* Navigation */,
				E49F68FB2C29B32900CA555C /* NavigationTests */,
				E49F69052C29B32900CA555C /* NavigationUITests */,
			);
		};
/* End PBXProject section */

/* Begin PBXResourcesBuildPhase section */
		E49F68EA2C29B32600CA555C /* Resources */ = {
			isa = PBXResourcesBuildPhase;
			buildActionMask = 2147483647;
			files = (
				E49F68F72C29B32900CA555C /* Preview Assets.xcassets in Resources */,
				E49F68F42C29B32900CA555C /* Assets.xcassets in Resources */,
			);
			runOnlyForDeploymentPostprocessing = 0;
		};
		E49F68FA2C29B32900CA555C /* Resources */ = {
			isa = PBXResourcesBuildPhase;
			buildActionMask = 2147483647;
			files = (
			);
			runOnlyForDeploymentPostprocessing = 0;
		};
		E49F69042C29B32900CA555C /* Resources */ = {
			isa = PBXResourcesBuildPhase;
			buildActionMask = 2147483647;
			files = (
			);
			runOnlyForDeploymentPostprocessing = 0;
		};
/* End PBXResourcesBuildPhase section */

/* Begin PBXSourcesBuildPhase section */
		E49F68E82C29B32600CA555C /* Sources */ = {
			isa = PBXSourcesBuildPhase;
			buildActionMask = 2147483647;
			files = (
				E49F691A2C29B9FF00CA555C /* SecondView.swift in Sources */,
				E49F68F22C29B32600CA555C /* ContentView.swift in Sources */,
				E49F68F02C29B32600CA555C /* NavigationApp.swift in Sources */,
			);
			runOnlyForDeploymentPostprocessing = 0;
		};
		E49F68F82C29B32900CA555C /* Sources */ = {
			isa = PBXSourcesBuildPhase;
			buildActionMask = 2147483647;
			files = (
				E49F69012C29B32900CA555C /* NavigationTests.swift in Sources */,
			);
			runOnlyForDeploymentPostprocessing = 0;
		};
		E49F69022C29B32900CA555C /* Sources */ = {
			isa = PBXSourcesBuildPhase;
			buildActionMask = 2147483647;
			files = (
				E49F690D2C29B32900CA555C /* NavigationUITestsLaunchTests.swift in Sources */,
				E49F690B2C29B32900CA555C /* NavigationUITests.swift in Sources */,
			);
			runOnlyForDeploymentPostprocessing = 0;
		};
/* End PBXSourcesBuildPhase section */

/* Begin PBXTargetDependency section */
		E49F68FE2C29B32900CA555C /* PBXTargetDependency */ = {
			isa = PBXTargetDependency;
			target = E49F68EB2C29B32600CA555C /* Navigation */;
			targetProxy = E49F68FD2C29B32900CA555C /* PBXContainerItemProxy */;
		};
		E49F69082C29B32900CA555C /* PBXTargetDependency */ = {
			isa = PBXTargetDependency;
			target = E49F68EB2C29B32600CA555C /* Navigation */;
			targetProxy = E49F69072C29B32900CA555C /* PBXContainerItemProxy */;
		};
/* End PBXTargetDependency section */

/* Begin XCBuildConfiguration section */
		E49F690E2C29B32900CA555C /* Debug */ = {
			isa = XCBuildConfiguration;
			buildSettings = {
				ALWAYS_SEARCH_USER_PATHS = NO;
				ASSETCATALOG_COMPILER_GENERATE_SWIFT_ASSET_SYMBOL_EXTENSIONS = YES;
				CLANG_ANALYZER_NONNULL = YES;
				CLANG_ANALYZER_NUMBER_OBJECT_CONVERSION = YES_AGGRESSIVE;
				CLANG_CXX_LANGUAGE_STANDARD = "gnu++20";
				CLANG_ENABLE_MODULES = YES;
				CLANG_ENABLE_OBJC_ARC = YES;
				CLANG_ENABLE_OBJC_WEAK = YES;
				CLANG_WARN_BLOCK_CAPTURE_AUTORELEASING = YES;
				CLANG_WARN_BOOL_CONVERSION = YES;
				CLANG_WARN_COMMA = YES;
				CLANG_WARN_CONSTANT_CONVERSION = YES;
				CLANG_WARN_DEPRECATED_OBJC_IMPLEMENTATIONS = YES;
				CLANG_WARN_DIRECT_OBJC_ISA_USAGE = YES_ERROR;
				CLANG_WARN_DOCUMENTATION_COMMENTS = YES;
				CLANG_WARN_EMPTY_BODY = YES;
				CLANG_WARN_ENUM_CONVERSION = YES;
				CLANG_WARN_INFINITE_RECURSION = YES;
				CLANG_WARN_INT_CONVERSION = YES;
				CLANG_WARN_NON_LITERAL_NULL_CONVERSION = YES;
				CLANG_WARN_OBJC_IMPLICIT_RETAIN_SELF = YES;
				CLANG_WARN_OBJC_LITERAL_CONVERSION = YES;
				CLANG_WARN_OBJC_ROOT_CLASS = YES_ERROR;
				CLANG_WARN_QUOTED_INCLUDE_IN_FRAMEWORK_HEADER = YES;
				CLANG_WARN_RANGE_LOOP_ANALYSIS = YES;
				CLANG_WARN_STRICT_PROTOTYPES = YES;
				CLANG_WARN_SUSPICIOUS_MOVE = YES;
				CLANG_WARN_UNGUARDED_AVAILABILITY = YES_AGGRESSIVE;
				CLANG_WARN_UNREACHABLE_CODE = YES;
				CLANG_WARN__DUPLICATE_METHOD_MATCH = YES;
				COPY_PHASE_STRIP = NO;
				DEBUG_INFORMATION_FORMAT = dwarf;
				ENABLE_STRICT_OBJC_MSGSEND = YES;
				ENABLE_TESTABILITY = YES;
				ENABLE_USER_SCRIPT_SANDBOXING = YES;
				GCC_C_LANGUAGE_STANDARD = gnu17;
				GCC_DYNAMIC_NO_PIC = NO;
				GCC_NO_COMMON_BLOCKS = YES;
				GCC_OPTIMIZATION_LEVEL = 0;
				GCC_PREPROCESSOR_DEFINITIONS = (
					"DEBUG=1",
					"$(inherited)",
				);
				GCC_WARN_64_TO_32_BIT_CONVERSION = YES;
				GCC_WARN_ABOUT_RETURN_TYPE = YES_ERROR;
				GCC_WARN_UNDECLARED_SELECTOR = YES;
				GCC_WARN_UNINITIALIZED_AUTOS = YES_AGGRESSIVE;
				GCC_WARN_UNUSED_FUNCTION = YES;
				GCC_WARN_UNUSED_VARIABLE = YES;
				IPHONEOS_DEPLOYMENT_TARGET = 17.5;
				LOCALIZATION_PREFERS_STRING_CATALOGS = YES;
				MTL_ENABLE_DEBUG_INFO = INCLUDE_SOURCE;
				MTL_FAST_MATH = YES;
				ONLY_ACTIVE_ARCH = YES;
				SDKROOT = iphoneos;
				SWIFT_ACTIVE_COMPILATION_CONDITIONS = "DEBUG $(inherited)";
				SWIFT_OPTIMIZATION_LEVEL = "-Onone";
			};
			name = Debug;
		};
		E49F690F2C29B32900CA555C /* Release */ = {
			isa = XCBuildConfiguration;
			buildSettings = {
				ALWAYS_SEARCH_USER_PATHS = NO;
				ASSETCATALOG_COMPILER_GENERATE_SWIFT_ASSET_SYMBOL_EXTENSIONS = YES;
				CLANG_ANALYZER_NONNULL = YES;
				CLANG_ANALYZER_NUMBER_OBJECT_CONVERSION = YES_AGGRESSIVE;
				CLANG_CXX_LANGUAGE_STANDARD = "gnu++20";
				CLANG_ENABLE_MODULES = YES;
				CLANG_ENABLE_OBJC_ARC = YES;
				CLANG_ENABLE_OBJC_WEAK = YES;
				CLANG_WARN_BLOCK_CAPTURE_AUTORELEASING = YES;
				CLANG_WARN_BOOL_CONVERSION = YES;
				CLANG_WARN_COMMA = YES;
				CLANG_WARN_CONSTANT_CONVERSION = YES;
				CLANG_WARN_DEPRECATED_OBJC_IMPLEMENTATIONS = YES;
				CLANG_WARN_DIRECT_OBJC_ISA_USAGE = YES_ERROR;
				CLANG_WARN_DOCUMENTATION_COMMENTS = YES;
				CLANG_WARN_EMPTY_BODY = YES;
				CLANG_WARN_ENUM_CONVERSION = YES;
				CLANG_WARN_INFINITE_RECURSION = YES;
				CLANG_WARN_INT_CONVERSION = YES;
				CLANG_WARN_NON_LITERAL_NULL_CONVERSION = YES;
				CLANG_WARN_OBJC_IMPLICIT_RETAIN_SELF = YES;
				CLANG_WARN_OBJC_LITERAL_CONVERSION = YES;
				CLANG_WARN_OBJC_ROOT_CLASS = YES_ERROR;
				CLANG_WARN_QUOTED_INCLUDE_IN_FRAMEWORK_HEADER = YES;
				CLANG_WARN_RANGE_LOOP_ANALYSIS = YES;
				CLANG_WARN_STRICT_PROTOTYPES = YES;
				CLANG_WARN_SUSPICIOUS_MOVE = YES;
				CLANG_WARN_UNGUARDED_AVAILABILITY = YES_AGGRESSIVE;
				CLANG_WARN_UNREACHABLE_CODE = YES;
				CLANG_WARN__DUPLICATE_METHOD_MATCH = YES;
				COPY_PHASE_STRIP = NO;
				DEBUG_INFORMATION_FORMAT = "dwarf-with-dsym";
				ENABLE_NS_ASSERTIONS = NO;
				ENABLE_STRICT_OBJC_MSGSEND = YES;
				ENABLE_USER_SCRIPT_SANDBOXING = YES;
				GCC_C_LANGUAGE_STANDARD = gnu17;
				GCC_NO_COMMON_BLOCKS = YES;
				GCC_WARN_64_TO_32_BIT_CONVERSION = YES;
				GCC_WARN_ABOUT_RETURN_TYPE = YES_ERROR;
				GCC_WARN_UNDECLARED_SELECTOR = YES;
				GCC_WARN_UNINITIALIZED_AUTOS = YES_AGGRESSIVE;
				GCC_WARN_UNUSED_FUNCTION = YES;
				GCC_WARN_UNUSED_VARIABLE = YES;
				IPHONEOS_DEPLOYMENT_TARGET = 17.5;
				LOCALIZATION_PREFERS_STRING_CATALOGS = YES;
				MTL_ENABLE_DEBUG_INFO = NO;
				MTL_FAST_MATH = YES;
				SDKROOT = iphoneos;
				SWIFT_COMPILATION_MODE = wholemodule;
				VALIDATE_PRODUCT = YES;
			};
			name = Release;
		};
		E49F69112C29B32900CA555C /* Debug */ = {
			isa = XCBuildConfiguration;
			buildSettings = {
				ASSETCATALOG_COMPILER_APPICON_NAME = AppIcon;
				ASSETCATALOG_COMPILER_GLOBAL_ACCENT_COLOR_NAME = AccentColor;
				CODE_SIGN_STYLE = Automatic;
				CURRENT_PROJECT_VERSION = 1;
				DEVELOPMENT_ASSET_PATHS = "\"Navigation/Preview Content\"";
				DEVELOPMENT_TEAM = 3F476SBXSB;
				ENABLE_PREVIEWS = YES;
				GENERATE_INFOPLIST_FILE = YES;
				INFOPLIST_KEY_UIApplicationSceneManifest_Generation = YES;
				INFOPLIST_KEY_UIApplicationSupportsIndirectInputEvents = YES;
				INFOPLIST_KEY_UILaunchScreen_Generation = YES;
				INFOPLIST_KEY_UISupportedInterfaceOrientations_iPad = "UIInterfaceOrientationPortrait UIInterfaceOrientationPortraitUpsideDown UIInterfaceOrientationLandscapeLeft UIInterfaceOrientationLandscapeRight";
				INFOPLIST_KEY_UISupportedInterfaceOrientations_iPhone = "UIInterfaceOrientationPortrait UIInterfaceOrientationLandscapeLeft UIInterfaceOrientationLandscapeRight";
				LD_RUNPATH_SEARCH_PATHS = (
					"$(inherited)",
					"@executable_path/Frameworks",
				);
				MARKETING_VERSION = 1.0;
				PRODUCT_BUNDLE_IDENTIFIER = kwk.Navigation;
				PRODUCT_NAME = "$(TARGET_NAME)";
				SWIFT_EMIT_LOC_STRINGS = YES;
				SWIFT_VERSION = 5.0;
				TARGETED_DEVICE_FAMILY = "1,2";
			};
			name = Debug;
		};
		E49F69122C29B32900CA555C /* Release */ = {
			isa = XCBuildConfiguration;
			buildSettings = {
				ASSETCATALOG_COMPILER_APPICON_NAME = AppIcon;
				ASSETCATALOG_COMPILER_GLOBAL_ACCENT_COLOR_NAME = AccentColor;
				CODE_SIGN_STYLE = Automatic;
				CURRENT_PROJECT_VERSION = 1;
				DEVELOPMENT_ASSET_PATHS = "\"Navigation/Preview Content\"";
				DEVELOPMENT_TEAM = 3F476SBXSB;
				ENABLE_PREVIEWS = YES;
				GENERATE_INFOPLIST_FILE = YES;
				INFOPLIST_KEY_UIApplicationSceneManifest_Generation = YES;
				INFOPLIST_KEY_UIApplicationSupportsIndirectInputEvents = YES;
				INFOPLIST_KEY_UILaunchScreen_Generation = YES;
				INFOPLIST_KEY_UISupportedInterfaceOrientations_iPad = "UIInterfaceOrientationPortrait UIInterfaceOrientationPortraitUpsideDown UIInterfaceOrientationLandscapeLeft UIInterfaceOrientationLandscapeRight";
				INFOPLIST_KEY_UISupportedInterfaceOrientations_iPhone = "UIInterfaceOrientationPortrait UIInterfaceOrientationLandscapeLeft UIInterfaceOrientationLandscapeRight";
				LD_RUNPATH_SEARCH_PATHS = (
					"$(inherited)",
					"@executable_path/Frameworks",
				);
				MARKETING_VERSION = 1.0;
				PRODUCT_BUNDLE_IDENTIFIER = kwk.Navigation;
				PRODUCT_NAME = "$(TARGET_NAME)";
				SWIFT_EMIT_LOC_STRINGS = YES;
				SWIFT_VERSION = 5.0;
				TARGETED_DEVICE_FAMILY = "1,2";
			};
			name = Release;
		};
		E49F69142C29B32900CA555C /* Debug */ = {
			isa = XCBuildConfiguration;
			buildSettings = {
				ALWAYS_EMBED_SWIFT_STANDARD_LIBRARIES = YES;
				BUNDLE_LOADER = "$(TEST_HOST)";
				CODE_SIGN_STYLE = Automatic;
				CURRENT_PROJECT_VERSION = 1;
				DEVELOPMENT_TEAM = 3F476SBXSB;
				GENERATE_INFOPLIST_FILE = YES;
				IPHONEOS_DEPLOYMENT_TARGET = 17.5;
				MARKETING_VERSION = 1.0;
				PRODUCT_BUNDLE_IDENTIFIER = kwk.NavigationTests;
				PRODUCT_NAME = "$(TARGET_NAME)";
				SWIFT_EMIT_LOC_STRINGS = NO;
				SWIFT_VERSION = 5.0;
				TARGETED_DEVICE_FAMILY = "1,2";
				TEST_HOST = "$(BUILT_PRODUCTS_DIR)/Navigation.app/$(BUNDLE_EXECUTABLE_FOLDER_PATH)/Navigation";
			};
			name = Debug;
		};
		E49F69152C29B32900CA555C /* Release */ = {
			isa = XCBuildConfiguration;
			buildSettings = {
				ALWAYS_EMBED_SWIFT_STANDARD_LIBRARIES = YES;
				BUNDLE_LOADER = "$(TEST_HOST)";
				CODE_SIGN_STYLE = Automatic;
				CURRENT_PROJECT_VERSION = 1;
				DEVELOPMENT_TEAM = 3F476SBXSB;
				GENERATE_INFOPLIST_FILE = YES;
				IPHONEOS_DEPLOYMENT_TARGET = 17.5;
				MARKETING_VERSION = 1.0;
				PRODUCT_BUNDLE_IDENTIFIER = kwk.NavigationTests;
				PRODUCT_NAME = "$(TARGET_NAME)";
				SWIFT_EMIT_LOC_STRINGS = NO;
				SWIFT_VERSION = 5.0;
				TARGETED_DEVICE_FAMILY = "1,2";
				TEST_HOST = "$(BUILT_PRODUCTS_DIR)/Navigation.app/$(BUNDLE_EXECUTABLE_FOLDER_PATH)/Navigation";
			};
			name = Release;
		};
		E49F69172C29B32900CA555C /* Debug */ = {
			isa = XCBuildConfiguration;
			buildSettings = {
				ALWAYS_EMBED_SWIFT_STANDARD_LIBRARIES = YES;
				CODE_SIGN_STYLE = Automatic;
				CURRENT_PROJECT_VERSION = 1;
				DEVELOPMENT_TEAM = 3F476SBXSB;
				GENERATE_INFOPLIST_FILE = YES;
				MARKETING_VERSION = 1.0;
				PRODUCT_BUNDLE_IDENTIFIER = kwk.NavigationUITests;
				PRODUCT_NAME = "$(TARGET_NAME)";
				SWIFT_EMIT_LOC_STRINGS = NO;
				SWIFT_VERSION = 5.0;
				TARGETED_DEVICE_FAMILY = "1,2";
				TEST_TARGET_NAME = Navigation;
			};
			name = Debug;
		};
		E49F69182C29B32900CA555C /* Release */ = {
			isa = XCBuildConfiguration;
			buildSettings = {
				ALWAYS_EMBED_SWIFT_STANDARD_LIBRARIES = YES;
				CODE_SIGN_STYLE = Automatic;
				CURRENT_PROJECT_VERSION = 1;
				DEVELOPMENT_TEAM = 3F476SBXSB;
				GENERATE_INFOPLIST_FILE = YES;
				MARKETING_VERSION = 1.0;
				PRODUCT_BUNDLE_IDENTIFIER = kwk.NavigationUITests;
				PRODUCT_NAME = "$(TARGET_NAME)";
				SWIFT_EMIT_LOC_STRINGS = NO;
				SWIFT_VERSION = 5.0;
				TARGETED_DEVICE_FAMILY = "1,2";
				TEST_TARGET_NAME = Navigation;
			};
			name = Release;
		};
/* End XCBuildConfiguration section */

/* Begin XCConfigurationList section */
		E49F68E72C29B32600CA555C /* Build configuration list for PBXProject "Navigation" */ = {
			isa = XCConfigurationList;
			buildConfigurations = (
				E49F690E2C29B32900CA555C /* Debug */,
				E49F690F2C29B32900CA555C /* Release */,
			);
			defaultConfigurationIsVisible = 0;
			defaultConfigurationName = Release;
		};
		E49F69102C29B32900CA555C /* Build configuration list for PBXNativeTarget "Navigation" */ = {
			isa = XCConfigurationList;
			buildConfigurations = (
				E49F69112C29B32900CA555C /* Debug */,
				E49F69122C29B32900CA555C /* Release */,
			);
			defaultConfigurationIsVisible = 0;
			defaultConfigurationName = Release;
		};
		E49F69132C29B32900CA555C /* Build configuration list for PBXNativeTarget "NavigationTests" */ = {
			isa = XCConfigurationList;
			buildConfigurations = (
				E49F69142C29B32900CA555C /* Debug */,
				E49F69152C29B32900CA555C /* Release */,
			);
			defaultConfigurationIsVisible = 0;
			defaultConfigurationName = Release;
		};
		E49F69162C29B32900CA555C /* Build configuration list for PBXNativeTarget "NavigationUITests" */ = {
			isa = XCConfigurationList;
			buildConfigurations = (
				E49F69172C29B32900CA555C /* Debug */,
				E49F69182C29B32900CA555C /* Release */,
			);
			defaultConfigurationIsVisible = 0;
			defaultConfigurationName = Release;
		};
/* End XCConfigurationList section */
	};
	rootObject = E49F68E42C29B32600CA555C /* Project object */;
}
