// !$*UTF8*$!
{
	archiveVersion = 1;
	classes = {
	};
	objectVersion = 56;
	objects = {

/* Begin PBXBuildFile section */
		E43866072C24856F00B4FAF9 /* StemStarsApp.swift in Sources */ = {isa = PBXBuildFile; fileRef = E43866062C24856F00B4FAF9 /* StemStarsApp.swift */; };
		E43866092C24856F00B4FAF9 /* ContentView.swift in Sources */ = {isa = PBXBuildFile; fileRef = E43866082C24856F00B4FAF9 /* ContentView.swift */; };
		E438660B2C24857300B4FAF9 /* Assets.xcassets in Resources */ = {isa = PBXBuildFile; fileRef = E438660A2C24857300B4FAF9 /* Assets.xcassets */; };
		E438660E2C24857300B4FAF9 /* Preview Assets.xcassets in Resources */ = {isa = PBXBuildFile; fileRef = E438660D2C24857300B4FAF9 /* Preview Assets.xcassets */; };
		E43866182C24857400B4FAF9 /* StemStarsTests.swift in Sources */ = {isa = PBXBuildFile; fileRef = E43866172C24857400B4FAF9 /* StemStarsTests.swift */; };
		E43866222C24857400B4FAF9 /* StemStarsUITests.swift in Sources */ = {isa = PBXBuildFile; fileRef = E43866212C24857400B4FAF9 /* StemStarsUITests.swift */; };
		E43866242C24857400B4FAF9 /* StemStarsUITestsLaunchTests.swift in Sources */ = {isa = PBXBuildFile; fileRef = E43866232C24857400B4FAF9 /* StemStarsUITestsLaunchTests.swift */; };
/* End PBXBuildFile section */

/* Begin PBXContainerItemProxy section */
		E43866142C24857400B4FAF9 /* PBXContainerItemProxy */ = {
			isa = PBXContainerItemProxy;
			containerPortal = E43865FB2C24856F00B4FAF9 /* Project object */;
			proxyType = 1;
			remoteGlobalIDString = E43866022C24856F00B4FAF9;
			remoteInfo = StemStars;
		};
		E438661E2C24857400B4FAF9 /* PBXContainerItemProxy */ = {
			isa = PBXContainerItemProxy;
			containerPortal = E43865FB2C24856F00B4FAF9 /* Project object */;
			proxyType = 1;
			remoteGlobalIDString = E43866022C24856F00B4FAF9;
			remoteInfo = StemStars;
		};
/* End PBXContainerItemProxy section */

/* Begin PBXFileReference section */
		E43866032C24856F00B4FAF9 /* StemStars.app */ = {isa = PBXFileReference; explicitFileType = wrapper.application; includeInIndex = 0; path = StemStars.app; sourceTree = BUILT_PRODUCTS_DIR; };
		E43866062C24856F00B4FAF9 /* StemStarsApp.swift */ = {isa = PBXFileReference; lastKnownFileType = sourcecode.swift; path = StemStarsApp.swift; sourceTree = "<group>"; };
		E43866082C24856F00B4FAF9 /* ContentView.swift */ = {isa = PBXFileReference; lastKnownFileType = sourcecode.swift; path = ContentView.swift; sourceTree = "<group>"; };
		E438660A2C24857300B4FAF9 /* Assets.xcassets */ = {isa = PBXFileReference; lastKnownFileType = folder.assetcatalog; path = Assets.xcassets; sourceTree = "<group>"; };
		E438660D2C24857300B4FAF9 /* Preview Assets.xcassets */ = {isa = PBXFileReference; lastKnownFileType = folder.assetcatalog; path = "Preview Assets.xcassets"; sourceTree = "<group>"; };
		E43866132C24857400B4FAF9 /* StemStarsTests.xctest */ = {isa = PBXFileReference; explicitFileType = wrapper.cfbundle; includeInIndex = 0; path = StemStarsTests.xctest; sourceTree = BUILT_PRODUCTS_DIR; };
		E43866172C24857400B4FAF9 /* StemStarsTests.swift */ = {isa = PBXFileReference; lastKnownFileType = sourcecode.swift; path = StemStarsTests.swift; sourceTree = "<group>"; };
		E438661D2C24857400B4FAF9 /* StemStarsUITests.xctest */ = {isa = PBXFileReference; explicitFileType = wrapper.cfbundle; includeInIndex = 0; path = StemStarsUITests.xctest; sourceTree = BUILT_PRODUCTS_DIR; };
		E43866212C24857400B4FAF9 /* StemStarsUITests.swift */ = {isa = PBXFileReference; lastKnownFileType = sourcecode.swift; path = StemStarsUITests.swift; sourceTree = "<group>"; };
		E43866232C24857400B4FAF9 /* StemStarsUITestsLaunchTests.swift */ = {isa = PBXFileReference; lastKnownFileType = sourcecode.swift; path = StemStarsUITestsLaunchTests.swift; sourceTree = "<group>"; };
/* End PBXFileReference section */

/* Begin PBXFrameworksBuildPhase section */
		E43866002C24856F00B4FAF9 /* Frameworks */ = {
			isa = PBXFrameworksBuildPhase;
			buildActionMask = 2147483647;
			files = (
			);
			runOnlyForDeploymentPostprocessing = 0;
		};
		E43866102C24857400B4FAF9 /* Frameworks */ = {
			isa = PBXFrameworksBuildPhase;
			buildActionMask = 2147483647;
			files = (
			);
			runOnlyForDeploymentPostprocessing = 0;
		};
		E438661A2C24857400B4FAF9 /* Frameworks */ = {
			isa = PBXFrameworksBuildPhase;
			buildActionMask = 2147483647;
			files = (
			);
			runOnlyForDeploymentPostprocessing = 0;
		};
/* End PBXFrameworksBuildPhase section */

/* Begin PBXGroup section */
		E43865FA2C24856F00B4FAF9 = {
			isa = PBXGroup;
			children = (
				E43866052C24856F00B4FAF9 /* StemStars */,
				E43866162C24857400B4FAF9 /* StemStarsTests */,
				E43866202C24857400B4FAF9 /* StemStarsUITests */,
				E43866042C24856F00B4FAF9 /* Products */,
			);
			sourceTree = "<group>";
		};
		E43866042C24856F00B4FAF9 /* Products */ = {
			isa = PBXGroup;
			children = (
				E43866032C24856F00B4FAF9 /* StemStars.app */,
				E43866132C24857400B4FAF9 /* StemStarsTests.xctest */,
				E438661D2C24857400B4FAF9 /* StemStarsUITests.xctest */,
			);
			name = Products;
			sourceTree = "<group>";
		};
		E43866052C24856F00B4FAF9 /* StemStars */ = {
			isa = PBXGroup;
			children = (
				E43866062C24856F00B4FAF9 /* StemStarsApp.swift */,
				E43866082C24856F00B4FAF9 /* ContentView.swift */,
				E438660A2C24857300B4FAF9 /* Assets.xcassets */,
				E438660C2C24857300B4FAF9 /* Preview Content */,
			);
			path = StemStars;
			sourceTree = "<group>";
		};
		E438660C2C24857300B4FAF9 /* Preview Content */ = {
			isa = PBXGroup;
			children = (
				E438660D2C24857300B4FAF9 /* Preview Assets.xcassets */,
			);
			path = "Preview Content";
			sourceTree = "<group>";
		};
		E43866162C24857400B4FAF9 /* StemStarsTests */ = {
			isa = PBXGroup;
			children = (
				E43866172C24857400B4FAF9 /* StemStarsTests.swift */,
			);
			path = StemStarsTests;
			sourceTree = "<group>";
		};
		E43866202C24857400B4FAF9 /* StemStarsUITests */ = {
			isa = PBXGroup;
			children = (
				E43866212C24857400B4FAF9 /* StemStarsUITests.swift */,
				E43866232C24857400B4FAF9 /* StemStarsUITestsLaunchTests.swift */,
			);
			path = StemStarsUITests;
			sourceTree = "<group>";
		};
/* End PBXGroup section */

/* Begin PBXNativeTarget section */
		E43866022C24856F00B4FAF9 /* StemStars */ = {
			isa = PBXNativeTarget;
			buildConfigurationList = E43866272C24857400B4FAF9 /* Build configuration list for PBXNativeTarget "StemStars" */;
			buildPhases = (
				E43865FF2C24856F00B4FAF9 /* Sources */,
				E43866002C24856F00B4FAF9 /* Frameworks */,
				E43866012C24856F00B4FAF9 /* Resources */,
			);
			buildRules = (
			);
			dependencies = (
			);
			name = StemStars;
			productName = StemStars;
			productReference = E43866032C24856F00B4FAF9 /* StemStars.app */;
			productType = "com.apple.product-type.application";
		};
		E43866122C24857400B4FAF9 /* StemStarsTests */ = {
			isa = PBXNativeTarget;
			buildConfigurationList = E438662A2C24857400B4FAF9 /* Build configuration list for PBXNativeTarget "StemStarsTests" */;
			buildPhases = (
				E438660F2C24857400B4FAF9 /* Sources */,
				E43866102C24857400B4FAF9 /* Frameworks */,
				E43866112C24857400B4FAF9 /* Resources */,
			);
			buildRules = (
			);
			dependencies = (
				E43866152C24857400B4FAF9 /* PBXTargetDependency */,
			);
			name = StemStarsTests;
			productName = StemStarsTests;
			productReference = E43866132C24857400B4FAF9 /* StemStarsTests.xctest */;
			productType = "com.apple.product-type.bundle.unit-test";
		};
		E438661C2C24857400B4FAF9 /* StemStarsUITests */ = {
			isa = PBXNativeTarget;
			buildConfigurationList = E438662D2C24857400B4FAF9 /* Build configuration list for PBXNativeTarget "StemStarsUITests" */;
			buildPhases = (
				E43866192C24857400B4FAF9 /* Sources */,
				E438661A2C24857400B4FAF9 /* Frameworks */,
				E438661B2C24857400B4FAF9 /* Resources */,
			);
			buildRules = (
			);
			dependencies = (
				E438661F2C24857400B4FAF9 /* PBXTargetDependency */,
			);
			name = StemStarsUITests;
			productName = StemStarsUITests;
			productReference = E438661D2C24857400B4FAF9 /* StemStarsUITests.xctest */;
			productType = "com.apple.product-type.bundle.ui-testing";
		};
/* End PBXNativeTarget section */

/* Begin PBXProject section */
		E43865FB2C24856F00B4FAF9 /* Project object */ = {
			isa = PBXProject;
			attributes = {
				BuildIndependentTargetsInParallel = 1;
				LastSwiftUpdateCheck = 1540;
				LastUpgradeCheck = 1540;
				TargetAttributes = {
					E43866022C24856F00B4FAF9 = {
						CreatedOnToolsVersion = 15.4;
					};
					E43866122C24857400B4FAF9 = {
						CreatedOnToolsVersion = 15.4;
						TestTargetID = E43866022C24856F00B4FAF9;
					};
					E438661C2C24857400B4FAF9 = {
						CreatedOnToolsVersion = 15.4;
						TestTargetID = E43866022C24856F00B4FAF9;
					};
				};
			};
			buildConfigurationList = E43865FE2C24856F00B4FAF9 /* Build configuration list for PBXProject "StemStars" */;
			compatibilityVersion = "Xcode 14.0";
			developmentRegion = en;
			hasScannedForEncodings = 0;
			knownRegions = (
				en,
				Base,
			);
			mainGroup = E43865FA2C24856F00B4FAF9;
			productRefGroup = E43866042C24856F00B4FAF9 /* Products */;
			projectDirPath = "";
			projectRoot = "";
			targets = (
				E43866022C24856F00B4FAF9 /* StemStars */,
				E43866122C24857400B4FAF9 /* StemStarsTests */,
				E438661C2C24857400B4FAF9 /* StemStarsUITests */,
			);
		};
/* End PBXProject section */

/* Begin PBXResourcesBuildPhase section */
		E43866012C24856F00B4FAF9 /* Resources */ = {
			isa = PBXResourcesBuildPhase;
			buildActionMask = 2147483647;
			files = (
				E438660E2C24857300B4FAF9 /* Preview Assets.xcassets in Resources */,
				E438660B2C24857300B4FAF9 /* Assets.xcassets in Resources */,
			);
			runOnlyForDeploymentPostprocessing = 0;
		};
		E43866112C24857400B4FAF9 /* Resources */ = {
			isa = PBXResourcesBuildPhase;
			buildActionMask = 2147483647;
			files = (
			);
			runOnlyForDeploymentPostprocessing = 0;
		};
		E438661B2C24857400B4FAF9 /* Resources */ = {
			isa = PBXResourcesBuildPhase;
			buildActionMask = 2147483647;
			files = (
			);
			runOnlyForDeploymentPostprocessing = 0;
		};
/* End PBXResourcesBuildPhase section */

/* Begin PBXSourcesBuildPhase section */
		E43865FF2C24856F00B4FAF9 /* Sources */ = {
			isa = PBXSourcesBuildPhase;
			buildActionMask = 2147483647;
			files = (
				E43866092C24856F00B4FAF9 /* ContentView.swift in Sources */,
				E43866072C24856F00B4FAF9 /* StemStarsApp.swift in Sources */,
			);
			runOnlyForDeploymentPostprocessing = 0;
		};
		E438660F2C24857400B4FAF9 /* Sources */ = {
			isa = PBXSourcesBuildPhase;
			buildActionMask = 2147483647;
			files = (
				E43866182C24857400B4FAF9 /* StemStarsTests.swift in Sources */,
			);
			runOnlyForDeploymentPostprocessing = 0;
		};
		E43866192C24857400B4FAF9 /* Sources */ = {
			isa = PBXSourcesBuildPhase;
			buildActionMask = 2147483647;
			files = (
				E43866222C24857400B4FAF9 /* StemStarsUITests.swift in Sources */,
				E43866242C24857400B4FAF9 /* StemStarsUITestsLaunchTests.swift in Sources */,
			);
			runOnlyForDeploymentPostprocessing = 0;
		};
/* End PBXSourcesBuildPhase section */

/* Begin PBXTargetDependency section */
		E43866152C24857400B4FAF9 /* PBXTargetDependency */ = {
			isa = PBXTargetDependency;
			target = E43866022C24856F00B4FAF9 /* StemStars */;
			targetProxy = E43866142C24857400B4FAF9 /* PBXContainerItemProxy */;
		};
		E438661F2C24857400B4FAF9 /* PBXTargetDependency */ = {
			isa = PBXTargetDependency;
			target = E43866022C24856F00B4FAF9 /* StemStars */;
			targetProxy = E438661E2C24857400B4FAF9 /* PBXContainerItemProxy */;
		};
/* End PBXTargetDependency section */

/* Begin XCBuildConfiguration section */
		E43866252C24857400B4FAF9 /* Debug */ = {
			isa = XCBuildConfiguration;
			buildSettings = {
				ALWAYS_SEARCH_USER_PATHS = NO;
				ASSETCATALOG_COMPILER_GENERATE_SWIFT_ASSET_SYMBOL_EXTENSIONS = YES;
				CLANG_ANALYZER_NONNULL = YES;
				CLANG_ANALYZER_NUMBER_OBJECT_CONVERSION = YES_AGGRESSIVE;
				CLANG_CXX_LANGUAGE_STANDARD = "gnu++20";
				CLANG_ENABLE_MODULES = YES;
				CLANG_ENABLE_OBJC_ARC = YES;
				CLANG_ENABLE_OBJC_WEAK = YES;
				CLANG_WARN_BLOCK_CAPTURE_AUTORELEASING = YES;
				CLANG_WARN_BOOL_CONVERSION = YES;
				CLANG_WARN_COMMA = YES;
				CLANG_WARN_CONSTANT_CONVERSION = YES;
				CLANG_WARN_DEPRECATED_OBJC_IMPLEMENTATIONS = YES;
				CLANG_WARN_DIRECT_OBJC_ISA_USAGE = YES_ERROR;
				CLANG_WARN_DOCUMENTATION_COMMENTS = YES;
				CLANG_WARN_EMPTY_BODY = YES;
				CLANG_WARN_ENUM_CONVERSION = YES;
				CLANG_WARN_INFINITE_RECURSION = YES;
				CLANG_WARN_INT_CONVERSION = YES;
				CLANG_WARN_NON_LITERAL_NULL_CONVERSION = YES;
				CLANG_WARN_OBJC_IMPLICIT_RETAIN_SELF = YES;
				CLANG_WARN_OBJC_LITERAL_CONVERSION = YES;
				CLANG_WARN_OBJC_ROOT_CLASS = YES_ERROR;
				CLANG_WARN_QUOTED_INCLUDE_IN_FRAMEWORK_HEADER = YES;
				CLANG_WARN_RANGE_LOOP_ANALYSIS = YES;
				CLANG_WARN_STRICT_PROTOTYPES = YES;
				CLANG_WARN_SUSPICIOUS_MOVE = YES;
				CLANG_WARN_UNGUARDED_AVAILABILITY = YES_AGGRESSIVE;
				CLANG_WARN_UNREACHABLE_CODE = YES;
				CLANG_WARN__DUPLICATE_METHOD_MATCH = YES;
				COPY_PHASE_STRIP = NO;
				DEBUG_INFORMATION_FORMAT = dwarf;
				ENABLE_STRICT_OBJC_MSGSEND = YES;
				ENABLE_TESTABILITY = YES;
				ENABLE_USER_SCRIPT_SANDBOXING = YES;
				GCC_C_LANGUAGE_STANDARD = gnu17;
				GCC_DYNAMIC_NO_PIC = NO;
				GCC_NO_COMMON_BLOCKS = YES;
				GCC_OPTIMIZATION_LEVEL = 0;
				GCC_PREPROCESSOR_DEFINITIONS = (
					"DEBUG=1",
					"$(inherited)",
				);
				GCC_WARN_64_TO_32_BIT_CONVERSION = YES;
				GCC_WARN_ABOUT_RETURN_TYPE = YES_ERROR;
				GCC_WARN_UNDECLARED_SELECTOR = YES;
				GCC_WARN_UNINITIALIZED_AUTOS = YES_AGGRESSIVE;
				GCC_WARN_UNUSED_FUNCTION = YES;
				GCC_WARN_UNUSED_VARIABLE = YES;
				IPHONEOS_DEPLOYMENT_TARGET = 17.5;
				LOCALIZATION_PREFERS_STRING_CATALOGS = YES;
				MTL_ENABLE_DEBUG_INFO = INCLUDE_SOURCE;
				MTL_FAST_MATH = YES;
				ONLY_ACTIVE_ARCH = YES;
				SDKROOT = iphoneos;
				SWIFT_ACTIVE_COMPILATION_CONDITIONS = "DEBUG $(inherited)";
				SWIFT_OPTIMIZATION_LEVEL = "-Onone";
			};
			name = Debug;
		};
		E43866262C24857400B4FAF9 /* Release */ = {
			isa = XCBuildConfiguration;
			buildSettings = {
				ALWAYS_SEARCH_USER_PATHS = NO;
				ASSETCATALOG_COMPILER_GENERATE_SWIFT_ASSET_SYMBOL_EXTENSIONS = YES;
				CLANG_ANALYZER_NONNULL = YES;
				CLANG_ANALYZER_NUMBER_OBJECT_CONVERSION = YES_AGGRESSIVE;
				CLANG_CXX_LANGUAGE_STANDARD = "gnu++20";
				CLANG_ENABLE_MODULES = YES;
				CLANG_ENABLE_OBJC_ARC = YES;
				CLANG_ENABLE_OBJC_WEAK = YES;
				CLANG_WARN_BLOCK_CAPTURE_AUTORELEASING = YES;
				CLANG_WARN_BOOL_CONVERSION = YES;
				CLANG_WARN_COMMA = YES;
				CLANG_WARN_CONSTANT_CONVERSION = YES;
				CLANG_WARN_DEPRECATED_OBJC_IMPLEMENTATIONS = YES;
				CLANG_WARN_DIRECT_OBJC_ISA_USAGE = YES_ERROR;
				CLANG_WARN_DOCUMENTATION_COMMENTS = YES;
				CLANG_WARN_EMPTY_BODY = YES;
				CLANG_WARN_ENUM_CONVERSION = YES;
				CLANG_WARN_INFINITE_RECURSION = YES;
				CLANG_WARN_INT_CONVERSION = YES;
				CLANG_WARN_NON_LITERAL_NULL_CONVERSION = YES;
				CLANG_WARN_OBJC_IMPLICIT_RETAIN_SELF = YES;
				CLANG_WARN_OBJC_LITERAL_CONVERSION = YES;
				CLANG_WARN_OBJC_ROOT_CLASS = YES_ERROR;
				CLANG_WARN_QUOTED_INCLUDE_IN_FRAMEWORK_HEADER = YES;
				CLANG_WARN_RANGE_LOOP_ANALYSIS = YES;
				CLANG_WARN_STRICT_PROTOTYPES = YES;
				CLANG_WARN_SUSPICIOUS_MOVE = YES;
				CLANG_WARN_UNGUARDED_AVAILABILITY = YES_AGGRESSIVE;
				CLANG_WARN_UNREACHABLE_CODE = YES;
				CLANG_WARN__DUPLICATE_METHOD_MATCH = YES;
				COPY_PHASE_STRIP = NO;
				DEBUG_INFORMATION_FORMAT = "dwarf-with-dsym";
				ENABLE_NS_ASSERTIONS = NO;
				ENABLE_STRICT_OBJC_MSGSEND = YES;
				ENABLE_USER_SCRIPT_SANDBOXING = YES;
				GCC_C_LANGUAGE_STANDARD = gnu17;
				GCC_NO_COMMON_BLOCKS = YES;
				GCC_WARN_64_TO_32_BIT_CONVERSION = YES;
				GCC_WARN_ABOUT_RETURN_TYPE = YES_ERROR;
				GCC_WARN_UNDECLARED_SELECTOR = YES;
				GCC_WARN_UNINITIALIZED_AUTOS = YES_AGGRESSIVE;
				GCC_WARN_UNUSED_FUNCTION = YES;
				GCC_WARN_UNUSED_VARIABLE = YES;
				IPHONEOS_DEPLOYMENT_TARGET = 17.5;
				LOCALIZATION_PREFERS_STRING_CATALOGS = YES;
				MTL_ENABLE_DEBUG_INFO = NO;
				MTL_FAST_MATH = YES;
				SDKROOT = iphoneos;
				SWIFT_COMPILATION_MODE = wholemodule;
				VALIDATE_PRODUCT = YES;
			};
			name = Release;
		};
		E43866282C24857400B4FAF9 /* Debug */ = {
			isa = XCBuildConfiguration;
			buildSettings = {
				ASSETCATALOG_COMPILER_APPICON_NAME = AppIcon;
				ASSETCATALOG_COMPILER_GLOBAL_ACCENT_COLOR_NAME = AccentColor;
				CODE_SIGN_STYLE = Automatic;
				CURRENT_PROJECT_VERSION = 1;
				DEVELOPMENT_ASSET_PATHS = "\"StemStars/Preview Content\"";
				ENABLE_PREVIEWS = YES;
				GENERATE_INFOPLIST_FILE = YES;
				INFOPLIST_KEY_UIApplicationSceneManifest_Generation = YES;
				INFOPLIST_KEY_UIApplicationSupportsIndirectInputEvents = YES;
				INFOPLIST_KEY_UILaunchScreen_Generation = YES;
				INFOPLIST_KEY_UISupportedInterfaceOrientations_iPad = "UIInterfaceOrientationPortrait UIInterfaceOrientationPortraitUpsideDown UIInterfaceOrientationLandscapeLeft UIInterfaceOrientationLandscapeRight";
				INFOPLIST_KEY_UISupportedInterfaceOrientations_iPhone = "UIInterfaceOrientationPortrait UIInterfaceOrientationLandscapeLeft UIInterfaceOrientationLandscapeRight";
				LD_RUNPATH_SEARCH_PATHS = (
					"$(inherited)",
					"@executable_path/Frameworks",
				);
				MARKETING_VERSION = 1.0;
				PRODUCT_BUNDLE_IDENTIFIER = kwk.StemStars;
				PRODUCT_NAME = "$(TARGET_NAME)";
				SWIFT_EMIT_LOC_STRINGS = YES;
				SWIFT_VERSION = 5.0;
				TARGETED_DEVICE_FAMILY = "1,2";
			};
			name = Debug;
		};
		E43866292C24857400B4FAF9 /* Release */ = {
			isa = XCBuildConfiguration;
			buildSettings = {
				ASSETCATALOG_COMPILER_APPICON_NAME = AppIcon;
				ASSETCATALOG_COMPILER_GLOBAL_ACCENT_COLOR_NAME = AccentColor;
				CODE_SIGN_STYLE = Automatic;
				CURRENT_PROJECT_VERSION = 1;
				DEVELOPMENT_ASSET_PATHS = "\"StemStars/Preview Content\"";
				ENABLE_PREVIEWS = YES;
				GENERATE_INFOPLIST_FILE = YES;
				INFOPLIST_KEY_UIApplicationSceneManifest_Generation = YES;
				INFOPLIST_KEY_UIApplicationSupportsIndirectInputEvents = YES;
				INFOPLIST_KEY_UILaunchScreen_Generation = YES;
				INFOPLIST_KEY_UISupportedInterfaceOrientations_iPad = "UIInterfaceOrientationPortrait UIInterfaceOrientationPortraitUpsideDown UIInterfaceOrientationLandscapeLeft UIInterfaceOrientationLandscapeRight";
				INFOPLIST_KEY_UISupportedInterfaceOrientations_iPhone = "UIInterfaceOrientationPortrait UIInterfaceOrientationLandscapeLeft UIInterfaceOrientationLandscapeRight";
				LD_RUNPATH_SEARCH_PATHS = (
					"$(inherited)",
					"@executable_path/Frameworks",
				);
				MARKETING_VERSION = 1.0;
				PRODUCT_BUNDLE_IDENTIFIER = kwk.StemStars;
				PRODUCT_NAME = "$(TARGET_NAME)";
				SWIFT_EMIT_LOC_STRINGS = YES;
				SWIFT_VERSION = 5.0;
				TARGETED_DEVICE_FAMILY = "1,2";
			};
			name = Release;
		};
		E438662B2C24857400B4FAF9 /* Debug */ = {
			isa = XCBuildConfiguration;
			buildSettings = {
				ALWAYS_EMBED_SWIFT_STANDARD_LIBRARIES = YES;
				BUNDLE_LOADER = "$(TEST_HOST)";
				CODE_SIGN_STYLE = Automatic;
				CURRENT_PROJECT_VERSION = 1;
				GENERATE_INFOPLIST_FILE = YES;
				IPHONEOS_DEPLOYMENT_TARGET = 17.5;
				MARKETING_VERSION = 1.0;
				PRODUCT_BUNDLE_IDENTIFIER = kwk.StemStarsTests;
				PRODUCT_NAME = "$(TARGET_NAME)";
				SWIFT_EMIT_LOC_STRINGS = NO;
				SWIFT_VERSION = 5.0;
				TARGETED_DEVICE_FAMILY = "1,2";
				TEST_HOST = "$(BUILT_PRODUCTS_DIR)/StemStars.app/$(BUNDLE_EXECUTABLE_FOLDER_PATH)/StemStars";
			};
			name = Debug;
		};
		E438662C2C24857400B4FAF9 /* Release */ = {
			isa = XCBuildConfiguration;
			buildSettings = {
				ALWAYS_EMBED_SWIFT_STANDARD_LIBRARIES = YES;
				BUNDLE_LOADER = "$(TEST_HOST)";
				CODE_SIGN_STYLE = Automatic;
				CURRENT_PROJECT_VERSION = 1;
				GENERATE_INFOPLIST_FILE = YES;
				IPHONEOS_DEPLOYMENT_TARGET = 17.5;
				MARKETING_VERSION = 1.0;
				PRODUCT_BUNDLE_IDENTIFIER = kwk.StemStarsTests;
				PRODUCT_NAME = "$(TARGET_NAME)";
				SWIFT_EMIT_LOC_STRINGS = NO;
				SWIFT_VERSION = 5.0;
				TARGETED_DEVICE_FAMILY = "1,2";
				TEST_HOST = "$(BUILT_PRODUCTS_DIR)/StemStars.app/$(BUNDLE_EXECUTABLE_FOLDER_PATH)/StemStars";
			};
			name = Release;
		};
		E438662E2C24857400B4FAF9 /* Debug */ = {
			isa = XCBuildConfiguration;
			buildSettings = {
				ALWAYS_EMBED_SWIFT_STANDARD_LIBRARIES = YES;
				CODE_SIGN_STYLE = Automatic;
				CURRENT_PROJECT_VERSION = 1;
				GENERATE_INFOPLIST_FILE = YES;
				MARKETING_VERSION = 1.0;
				PRODUCT_BUNDLE_IDENTIFIER = kwk.StemStarsUITests;
				PRODUCT_NAME = "$(TARGET_NAME)";
				SWIFT_EMIT_LOC_STRINGS = NO;
				SWIFT_VERSION = 5.0;
				TARGETED_DEVICE_FAMILY = "1,2";
				TEST_TARGET_NAME = StemStars;
			};
			name = Debug;
		};
		E438662F2C24857400B4FAF9 /* Release */ = {
			isa = XCBuildConfiguration;
			buildSettings = {
				ALWAYS_EMBED_SWIFT_STANDARD_LIBRARIES = YES;
				CODE_SIGN_STYLE = Automatic;
				CURRENT_PROJECT_VERSION = 1;
				GENERATE_INFOPLIST_FILE = YES;
				MARKETING_VERSION = 1.0;
				PRODUCT_BUNDLE_IDENTIFIER = kwk.StemStarsUITests;
				PRODUCT_NAME = "$(TARGET_NAME)";
				SWIFT_EMIT_LOC_STRINGS = NO;
				SWIFT_VERSION = 5.0;
				TARGETED_DEVICE_FAMILY = "1,2";
				TEST_TARGET_NAME = StemStars;
			};
			name = Release;
		};
/* End XCBuildConfiguration section */

/* Begin XCConfigurationList section */
		E43865FE2C24856F00B4FAF9 /* Build configuration list for PBXProject "StemStars" */ = {
			isa = XCConfigurationList;
			buildConfigurations = (
				E43866252C24857400B4FAF9 /* Debug */,
				E43866262C24857400B4FAF9 /* Release */,
			);
			defaultConfigurationIsVisible = 0;
			defaultConfigurationName = Release;
		};
		E43866272C24857400B4FAF9 /* Build configuration list for PBXNativeTarget "StemStars" */ = {
			isa = XCConfigurationList;
			buildConfigurations = (
				E43866282C24857400B4FAF9 /* Debug */,
				E43866292C24857400B4FAF9 /* Release */,
			);
			defaultConfigurationIsVisible = 0;
			defaultConfigurationName = Release;
		};
		E438662A2C24857400B4FAF9 /* Build configuration list for PBXNativeTarget "StemStarsTests" */ = {
			isa = XCConfigurationList;
			buildConfigurations = (
				E438662B2C24857400B4FAF9 /* Debug */,
				E438662C2C24857400B4FAF9 /* Release */,
			);
			defaultConfigurationIsVisible = 0;
			defaultConfigurationName = Release;
		};
		E438662D2C24857400B4FAF9 /* Build configuration list for PBXNativeTarget "StemStarsUITests" */ = {
			isa = XCConfigurationList;
			buildConfigurations = (
				E438662E2C24857400B4FAF9 /* Debug */,
				E438662F2C24857400B4FAF9 /* Release */,
			);
			defaultConfigurationIsVisible = 0;
			defaultConfigurationName = Release;
		};
/* End XCConfigurationList section */
	};
	rootObject = E43865FB2C24856F00B4FAF9 /* Project object */;
}
